# This file is autogenerated, do not edit; changes may be undone by the next 'dep ensure'.


[[projects]]
  branch = "master"
  name = "github.com/Azure/go-ansiterm"
  packages = [
    ".",
    "winterm"
  ]
  revision = "d6e3b3328b783f23731bc4d058875b0371ff8109"

[[projects]]
  name = "github.com/Sirupsen/logrus"
  packages = ["."]
  revision = "d682213848ed68c0a260ca37d6dd5ace8423f5ba"
  version = "v1.0.4"

[[projects]]
  name = "github.com/alexellis/hmac"
  packages = ["."]
  revision = "d5d71edd7bc74eb6ae4b99eccc6bda738435f43f"
  version = "1.2"

[[projects]]
  name = "github.com/docker/docker"
  packages = [
    "pkg/term",
    "pkg/term/windows"
  ]
  revision = "092cba3727bb9b4a2f0e922cd6c0f93ea270e363"
  version = "v1.13.1"

[[projects]]
  name = "github.com/docker/docker-credential-helpers"
  packages = [
    "client",
    "credentials"
  ]
  revision = "5241b46610f2491efdf9d1c85f1ddf5b02f6d962"
  version = "v0.6.1"

[[projects]]
<<<<<<< HEAD
=======
  digest = "1:c150032ad5f0d37e884ce6428425292f1f866fd9c3fc4661a1ca539fda85460c"
  name = "github.com/drone/envsubst"
  packages = [
    ".",
    "parse",
    "path",
  ]
  pruneopts = "UT"
  revision = "5a78055244d6b899c2a2eb158c8454f548af9ab2"
  version = "v1.0.2"

[[projects]]
  digest = "1:870d441fe217b8e689d7949fef6e43efbc787e50f200cb1e70dbca9204a1d6be"
>>>>>>> upstream/master
  name = "github.com/inconshreveable/mousetrap"
  packages = ["."]
  revision = "76626ae9c91c4f2a10f34cad8ce83ea42c93bb75"
  version = "v1.0"

[[projects]]
  name = "github.com/mitchellh/go-homedir"
  packages = ["."]
  revision = "b8bc1bf767474819792c23f32d8286a45736f1c6"

[[projects]]
  name = "github.com/morikuni/aec"
  packages = ["."]
  revision = "39771216ff4c63d11f5e604076f9c45e8be1067b"

[[projects]]
  name = "github.com/openfaas/faas"
  packages = ["gateway/requests"]
  revision = "4cbb7d968d21f4ae2daacfb27213c9371d4d4449"
  version = "0.8.8"

[[projects]]
  name = "github.com/ryanuber/go-glob"
  packages = ["."]
  revision = "256dc444b735e061061cf46c809487313d5b0065"

[[projects]]
  name = "github.com/spf13/cobra"
  packages = ["."]
  revision = "ef82de70bb3f60c65fb8eebacbb2d122ef517385"
  version = "v0.0.3"

[[projects]]
  name = "github.com/spf13/pflag"
  packages = ["."]
  revision = "9a97c102cda95a86cec2345a6f09f55a939babf5"
  version = "v1.0.2"

[[projects]]
  branch = "master"
  name = "golang.org/x/crypto"
  packages = ["ssh/terminal"]
  revision = "d94f6bc902c2970500950e88ab1a54a0c26bec48"

[[projects]]
  branch = "master"
  name = "golang.org/x/sys"
  packages = [
    "unix",
    "windows"
  ]
  revision = "af50095a40f9041b3b38960738837185c26e9419"

[[projects]]
  name = "gopkg.in/yaml.v2"
  packages = ["."]
  revision = "cd8b52f8269e0feb286dfeef29f8fe4d5b397e0b"

[solve-meta]
  analyzer-name = "dep"
  analyzer-version = 1
<<<<<<< HEAD
  inputs-digest = "9638f752e825e9a86859758ea38eef1229a0c83db5ba01080b1e980efbcb679a"
=======
  input-imports = [
    "github.com/alexellis/hmac",
    "github.com/docker/docker-credential-helpers/client",
    "github.com/docker/docker/pkg/term",
    "github.com/drone/envsubst",
    "github.com/mitchellh/go-homedir",
    "github.com/morikuni/aec",
    "github.com/openfaas/faas/gateway/requests",
    "github.com/ryanuber/go-glob",
    "github.com/spf13/cobra",
    "github.com/spf13/pflag",
    "gopkg.in/yaml.v2",
  ]
>>>>>>> upstream/master
  solver-name = "gps-cdcl"
  solver-version = 1
